
Microsoft Visual Studio Solution File, Format Version 12.00
# Visual Studio Version 16
VisualStudioVersion = 16.0.33927.289
MinimumVisualStudioVersion = 10.0.40219.1
Project("{FAE04EC0-301F-11D3-BF4B-00C04F79EFBC}") = "UHSForm", "UHSForm\UHSForm.csproj", "{5F481EBB-5C45-4EEA-B8C3-9E64978EC934}"
EndProject
Global
	GlobalSection(SolutionConfigurationPlatforms) = preSolution
		Debug|Any CPU = Debug|Any CPU
		Release|Any CPU = Release|Any CPU
	EndGlobalSection
	GlobalSection(ProjectConfigurationPlatforms) = postSolution
		{5F481EBB-5C45-4EEA-B8C3-9E64978EC934}.Debug|Any CPU.ActiveCfg = Debug|Any CPU
		{5F481EBB-5C45-4EEA-B8C3-9E64978EC934}.Debug|Any CPU.Build.0 = Debug|Any CPU
		{5F481EBB-5C45-4EEA-B8C3-9E64978EC934}.Release|Any CPU.ActiveCfg = Release|Any CPU
		{5F481EBB-5C45-4EEA-B8C3-9E64978EC934}.Release|Any CPU.Build.0 = Release|Any CPU
	EndGlobalSection
	GlobalSection(SolutionProperties) = preSolution
		HideSolutionNode = FALSE
	EndGlobalSection
	GlobalSection(ExtensibilityGlobals) = postSolution
		SolutionGuid = {5AF1CDB3-804A-4FE6-9328-9C39D5E0D93A}
	EndGlobalSection
	GlobalSection(TeamFoundationVersionControl) = preSolution
		SccNumberOfProjects = 2
		SccEnterpriseProvider = {4CA58AB2-18FA-4F8D-95D4-32DDF27D184C}
		SccTeamFoundationServer = https://team-kirayado.visualstudio.com/
		SccLocalPath0 = .
		SccProjectUniqueName1 = UHSForm\\UHSForm.csproj
		SccProjectName1 = UHSForm
		SccLocalPath1 = UHSForm
	EndGlobalSection
EndGlobal
